
Microsoft Visual Studio Solution File, Format Version 12.00
# Visual Studio Version 16
VisualStudioVersion = 16.0.29911.84
MinimumVisualStudioVersion = 10.0.40219.1
Project("{FAE04EC0-301F-11D3-BF4B-00C04F79EFBC}") = "Animalytix.iOS", "Animalytix.iOS\Animalytix.iOS.csproj", "{B005BE9B-CB6F-4378-AAC2-EF9D57188C55}"
EndProject
Project("{FAE04EC0-301F-11D3-BF4B-00C04F79EFBC}") = "Animalytix.Android", "Animalytix.Android\Animalytix.Android.csproj", "{4DAF89F5-E99A-4935-90D3-0D33E834B54F}"
EndProject
Project("{FAE04EC0-301F-11D3-BF4B-00C04F79EFBC}") = "Animalytix.Core", "Animalytix.Core\Animalytix.Core.csproj", "{9F6C218C-1AD0-41E1-B067-BED9D9FD3384}"
EndProject
Global
	GlobalSection(SolutionConfigurationPlatforms) = preSolution
		Debug|Any CPU = Debug|Any CPU
		Debug|iPhone = Debug|iPhone
		Debug|iPhoneSimulator = Debug|iPhoneSimulator
		Release|Any CPU = Release|Any CPU
		Release|iPhone = Release|iPhone
		Release|iPhoneSimulator = Release|iPhoneSimulator
	EndGlobalSection
	GlobalSection(ProjectConfigurationPlatforms) = postSolution
		{B005BE9B-CB6F-4378-AAC2-EF9D57188C55}.Debug|Any CPU.ActiveCfg = Debug|iPhoneSimulator
		{B005BE9B-CB6F-4378-AAC2-EF9D57188C55}.Debug|iPhone.ActiveCfg = Debug|iPhone
		{B005BE9B-CB6F-4378-AAC2-EF9D57188C55}.Debug|iPhone.Build.0 = Debug|iPhone
		{B005BE9B-CB6F-4378-AAC2-EF9D57188C55}.Debug|iPhoneSimulator.ActiveCfg = Debug|iPhoneSimulator
		{B005BE9B-CB6F-4378-AAC2-EF9D57188C55}.Debug|iPhoneSimulator.Build.0 = Debug|iPhoneSimulator
		{B005BE9B-CB6F-4378-AAC2-EF9D57188C55}.Release|Any CPU.ActiveCfg = Release|iPhoneSimulator
		{B005BE9B-CB6F-4378-AAC2-EF9D57188C55}.Release|iPhone.ActiveCfg = Release|iPhone
		{B005BE9B-CB6F-4378-AAC2-EF9D57188C55}.Release|iPhone.Build.0 = Release|iPhone
		{B005BE9B-CB6F-4378-AAC2-EF9D57188C55}.Release|iPhoneSimulator.ActiveCfg = Release|iPhoneSimulator
		{B005BE9B-CB6F-4378-AAC2-EF9D57188C55}.Release|iPhoneSimulator.Build.0 = Release|iPhoneSimulator
		{B005BE9B-CB6F-4378-AAC2-EF9D57188C55}.Debug|Any CPU.Build.0 = Debug|iPhoneSimulator
		{B005BE9B-CB6F-4378-AAC2-EF9D57188C55}.Release|Any CPU.Build.0 = Release|iPhoneSimulator
		{4DAF89F5-E99A-4935-90D3-0D33E834B54F}.Debug|Any CPU.ActiveCfg = Debug|Any CPU
		{4DAF89F5-E99A-4935-90D3-0D33E834B54F}.Debug|Any CPU.Build.0 = Debug|Any CPU
		{4DAF89F5-E99A-4935-90D3-0D33E834B54F}.Debug|iPhone.ActiveCfg = Debug|Any CPU
		{4DAF89F5-E99A-4935-90D3-0D33E834B54F}.Debug|iPhone.Build.0 = Debug|Any CPU
		{4DAF89F5-E99A-4935-90D3-0D33E834B54F}.Debug|iPhoneSimulator.ActiveCfg = Debug|Any CPU
		{4DAF89F5-E99A-4935-90D3-0D33E834B54F}.Debug|iPhoneSimulator.Build.0 = Debug|Any CPU
		{4DAF89F5-E99A-4935-90D3-0D33E834B54F}.Release|Any CPU.ActiveCfg = Release|Any CPU
		{4DAF89F5-E99A-4935-90D3-0D33E834B54F}.Release|Any CPU.Build.0 = Release|Any CPU
		{4DAF89F5-E99A-4935-90D3-0D33E834B54F}.Release|iPhone.ActiveCfg = Release|Any CPU
		{4DAF89F5-E99A-4935-90D3-0D33E834B54F}.Release|iPhone.Build.0 = Release|Any CPU
		{4DAF89F5-E99A-4935-90D3-0D33E834B54F}.Release|iPhoneSimulator.ActiveCfg = Release|Any CPU
		{4DAF89F5-E99A-4935-90D3-0D33E834B54F}.Release|iPhoneSimulator.Build.0 = Release|Any CPU
		{9F6C218C-1AD0-41E1-B067-BED9D9FD3384}.Debug|Any CPU.ActiveCfg = Debug|Any CPU
		{9F6C218C-1AD0-41E1-B067-BED9D9FD3384}.Debug|Any CPU.Build.0 = Debug|Any CPU
		{9F6C218C-1AD0-41E1-B067-BED9D9FD3384}.Debug|iPhone.ActiveCfg = Debug|Any CPU
		{9F6C218C-1AD0-41E1-B067-BED9D9FD3384}.Debug|iPhone.Build.0 = Debug|Any CPU
		{9F6C218C-1AD0-41E1-B067-BED9D9FD3384}.Debug|iPhoneSimulator.ActiveCfg = Debug|Any CPU
		{9F6C218C-1AD0-41E1-B067-BED9D9FD3384}.Debug|iPhoneSimulator.Build.0 = Debug|Any CPU
		{9F6C218C-1AD0-41E1-B067-BED9D9FD3384}.Release|Any CPU.ActiveCfg = Release|Any CPU
		{9F6C218C-1AD0-41E1-B067-BED9D9FD3384}.Release|Any CPU.Build.0 = Release|Any CPU
		{9F6C218C-1AD0-41E1-B067-BED9D9FD3384}.Release|iPhone.ActiveCfg = Release|Any CPU
		{9F6C218C-1AD0-41E1-B067-BED9D9FD3384}.Release|iPhone.Build.0 = Release|Any CPU
		{9F6C218C-1AD0-41E1-B067-BED9D9FD3384}.Release|iPhoneSimulator.ActiveCfg = Release|Any CPU
		{9F6C218C-1AD0-41E1-B067-BED9D9FD3384}.Release|iPhoneSimulator.Build.0 = Release|Any CPU
	EndGlobalSection
	GlobalSection(SolutionProperties) = preSolution
		HideSolutionNode = FALSE
	EndGlobalSection
	GlobalSection(ExtensibilityGlobals) = postSolution
		SolutionGuid = {3C746B6C-6A7D-4227-94B8-172514CC06C1}
	EndGlobalSection
EndGlobal
